{
  "name": "walker",
  "version": "0.0.0",
  "lockfileVersion": 2,
  "requires": true,
  "packages": {
    "": {
      "name": "walker",
      "version": "0.0.0",
      "license": "MIT",
      "devDependencies": {
        "@napi-rs/cli": "^2.11.4"
      },
      "engines": {
        "node": ">= 10"
      }
    },
    "node_modules/@napi-rs/cli": {
      "version": "2.11.4",
      "resolved": "https://registry.npmjs.org/@napi-rs/cli/-/cli-2.11.4.tgz",
      "integrity": "sha512-rjU651owB4GJetO3pnu3B8TyVM3Fis3AYb+U16bKxYyykp81S+dJlIgWc8Lc0t55PYbHlBM3hxdgy4pultxMAw==",
      "dev": true,
      "bin": {
        "napi": "scripts/index.js"
      },
      "engines": {
        "node": ">= 10"
      },
      "funding": {
        "type": "github",
        "url": "https://github.com/sponsors/Brooooooklyn"
      }
    }
  },
  "dependencies": {
    "@napi-rs/cli": {
      "version": "2.11.4",
      "resolved": "https://registry.npmjs.org/@napi-rs/cli/-/cli-2.11.4.tgz",
      "integrity": "sha512-rjU651owB4GJetO3pnu3B8TyVM3Fis3AYb+U16bKxYyykp81S+dJlIgWc8Lc0t55PYbHlBM3hxdgy4pultxMAw==",
      "dev": true
    }
  }
}
